
Microsoft Visual Studio Solution File, Format Version 12.00
# Visual Studio Version 17
VisualStudioVersion = 17.2.32602.215
MinimumVisualStudioVersion = 10.0.40219.1
Project("{9A19103F-16F7-4668-BE54-9A1E7A4F7556}") = "Novatic", "Novatic.csproj", "{016A2780-476E-4574-8080-FECAE6007C95}"
EndProject
Global
	GlobalSection(SolutionConfigurationPlatforms) = preSolution
		Debug|Any CPU = Debug|Any CPU
		Release|Any CPU = Release|Any CPU
	EndGlobalSection
	GlobalSection(ProjectConfigurationPlatforms) = postSolution
		{016A2780-476E-4574-8080-FECAE6007C95}.Debug|Any CPU.ActiveCfg = Debug|Any CPU
		{016A2780-476E-4574-8080-FECAE6007C95}.Debug|Any CPU.Build.0 = Debug|Any CPU
		{016A2780-476E-4574-8080-FECAE6007C95}.Release|Any CPU.ActiveCfg = Release|Any CPU
		{016A2780-476E-4574-8080-FECAE6007C95}.Release|Any CPU.Build.0 = Release|Any CPU
	EndGlobalSection
	GlobalSection(SolutionProperties) = preSolution
		HideSolutionNode = FALSE
	EndGlobalSection
	GlobalSection(ExtensibilityGlobals) = postSolution
		SolutionGuid = {D225B8BA-DD94-48AF-AB1E-BF648682833E}
	EndGlobalSection
EndGlobal
